{
  "requires": true,
  "lockfileVersion": 1,
  "dependencies": {
    "@types/datatables.net": {
      "version": "1.10.20",
      "resolved": "https://registry.npmjs.org/@types/datatables.net/-/datatables.net-1.10.20.tgz",
      "integrity": "sha512-q/trpvus6H+w9jZzQATs2rewb3yNF6bo7hXRPCOnr57FfDHDYWgNg92geRo9tb1a+/PYmYTrAO0Weg9NTOJ3XQ==",
      "requires": {
        "@types/jquery": "*"
      }
    },
    "@types/datatables.net-buttons": {
      "version": "1.4.7",
      "resolved": "https://registry.npmjs.org/@types/datatables.net-buttons/-/datatables.net-buttons-1.4.7.tgz",
      "integrity": "sha512-BicCRXPmHoLReYvEBD35aZIkXptUP61pXD6N5t82Xh4+gquErTqDiqOY7V5kFLIleMsZJY/IZp2XlCFhzFiGKw==",
      "requires": {
        "@types/datatables.net": "*",
        "@types/jquery": "*"
      }
    },
    "@types/jquery": {
      "version": "3.5.6",
      "resolved": "https://registry.npmjs.org/@types/jquery/-/jquery-3.5.6.tgz",
      "integrity": "sha512-SmgCQRzGPId4MZQKDj9Hqc6kSXFNWZFHpELkyK8AQhf8Zr6HKfCzFv9ZC1Fv3FyQttJZOlap3qYb12h61iZAIg==",
      "requires": {
        "@types/sizzle": "*"
      }
    },
    "@types/sizzle": {
      "version": "2.3.3",
      "resolved": "https://registry.npmjs.org/@types/sizzle/-/sizzle-2.3.3.tgz",
      "integrity": "sha512-JYM8x9EGF163bEyhdJBpR2QX1R5naCJHC8ucJylJ3w9/CVBaskdQ8WqBf8MmQrd1kRvp/a4TS8HJ+bxzR7ZJYQ=="
    },
    "bootstrap": {
      "version": "5.1.0",
      "resolved": "https://registry.npmjs.org/bootstrap/-/bootstrap-5.1.0.tgz",
      "integrity": "sha512-bs74WNI9BgBo3cEovmdMHikSKoXnDgA6VQjJ7TyTotU6L7d41ZyCEEelPwkYEzsG/Zjv3ie9IE3EMAje0W9Xew=="
    },
    "datatables.net": {
      "version": "1.10.25",
      "resolved": "https://registry.npmjs.org/datatables.net/-/datatables.net-1.10.25.tgz",
      "integrity": "sha512-y0+C7all+MC/h1acwnjErhaJPjYGKpWTvbXrfEUbR8+P+nnhgjNn5nL1udgsTwBObMhlj1KITNBRrM/ZLSoj+Q==",
      "requires": {
        "jquery": ">=1.7"
      }
    },
    "datatables.net-buttons": {
      "version": "1.7.1",
      "resolved": "https://registry.npmjs.org/datatables.net-buttons/-/datatables.net-buttons-1.7.1.tgz",
      "integrity": "sha512-D2OxZeR18jhSx+l0xcfAJzfUH7l3LHCu0e606fV7+v3hMhphOfljjZYLaiRmGiR9lqO/f5xE/w2a+OtG/QMavw==",
      "requires": {
        "datatables.net": "^1.10.15",
        "jquery": ">=1.7"
      }
    },
    "datatables.net-buttons-dt": {
      "version": "1.7.1",
      "resolved": "https://registry.npmjs.org/datatables.net-buttons-dt/-/datatables.net-buttons-dt-1.7.1.tgz",
      "integrity": "sha512-mdHWKHff9cR2KsyQvCmJcC4/S0NZaEzIo83Rqa1ncaQjtSoe989d3bDMyGg0jCEahqNVrZPDjuKWZw0FCR4Xsg==",
      "requires": {
        "datatables.net-buttons": "1.7.1",
        "datatables.net-dt": "^1.10.15",
        "jquery": ">=1.7"
      },
      "dependencies": {
        "datatables.net-dt": {
          "version": "1.10.25",
          "resolved": "https://registry.npmjs.org/datatables.net-dt/-/datatables.net-dt-1.10.25.tgz",
          "integrity": "sha512-MIr83Q+KGwea4UsNzVwjgW1vraODKWKLUsMG0aT4ZBG83/7+uGvGsjfFLBPrTtERXxji0tGVLeuFTHvJexufHA==",
          "requires": {
            "datatables.net": "1.10.25",
            "jquery": ">=1.7"
          }
        }
      }
    },
    "datatables.net-dt": {
      "version": "1.1.0",
      "resolved": "https://registry.npmjs.org/datatables.net-dt/-/datatables.net-dt-1.1.0.tgz",
      "integrity": "sha512-5V/jQaO6H++CmVfnKEG5lMZVnuCSBkhRpUS5bCl4jRdvVtr+woMbI0CZ9O1Ly32Yj5wmMHlhkxcz6j+hBhVqMw==",
      "requires": {
        "datatables.net": ">=1.10.25",
        "jquery": ">=1.7"
      }
    },
    "install": {
      "version": "0.13.0",
      "resolved": "https://registry.npmjs.org/install/-/install-0.13.0.tgz",
      "integrity": "sha512-zDml/jzr2PKU9I8J/xyZBQn8rPCAY//UOYNmR01XwNwyfhEWObo2SWfSl1+0tm1u6PhxLwDnfsT/6jB7OUxqFA=="
    },
    "jquery": {
      "version": "3.6.0",
      "resolved": "https://registry.npmjs.org/jquery/-/jquery-3.6.0.tgz",
      "integrity": "sha512-JVzAR/AjBvVt2BmYhxRCSYysDsPcssdmTFnzyLEts9qNwmjmu4JTAMYubEfwVOSwpQ1I1sKKFcxhZCI2buerfw=="
    }
  }
}
